schema: '2.0'
stages:
  load_data:
    cmd: python src/load_data.py
    deps:
    - path: data/raw/data.csv
      hash: md5
      md5: 2098b3aca5527344ecb43a14f0895a9d
      size: 3103
    - path: src/load_data.py
      hash: md5
      md5: b416f5993d068033aaebdc39d2f72637
      size: 855
    outs:
    - path: data/loaded/data.csv
      hash: md5
      md5: f0c75a8f9d1c8f7564a8a75c08c77aac
      size: 3204
  preprocessing:
    cmd: python src/preprocessing.py
    deps:
    - path: data/loaded/data.csv
      hash: md5
      md5: f0c75a8f9d1c8f7564a8a75c08c77aac
      size: 3204
    - path: src/preprocessing.py
      hash: md5
      md5: 44c3b6e104b39e30c16fc5237c4e8e53
      size: 2060
    params:
      params.yaml:
        data.target_column: Price ($)
        preprocessing.random_state: 42
        preprocessing.test_size: 0.3
    outs:
    - path: data/processed
      hash: md5
      md5: b8afbec20717f30260f5141dedade77a.dir
      size: 14847
      nfiles: 4
  train_model:
    cmd: python src/model.py
    deps:
    - path: data/processed
      hash: md5
      md5: b8afbec20717f30260f5141dedade77a.dir
      size: 14847
      nfiles: 4
    - path: src/model.py
      hash: md5
      md5: b6e5174a802407555da6af259682b4c6
      size: 1198
    params:
      params.yaml:
        training.model_path: models/model.joblib
    outs:
    - path: models/model.joblib
      hash: md5
      md5: a7f0ac8777a569fe8e8863ec94b83978
      size: 1023
  evaluate:
    cmd: python src/evaluation.py
    deps:
    - path: data/processed
      hash: md5
      md5: b8afbec20717f30260f5141dedade77a.dir
      size: 14847
      nfiles: 4
    - path: models/model.joblib
      hash: md5
      md5: a7f0ac8777a569fe8e8863ec94b83978
      size: 1023
    - path: src/evaluation.py
      hash: md5
      md5: d5d38b55cd594f6e75da145fc96283e4
      size: 1023
    params:
      params.yaml:
        evaluation.metrics_path: evaluation/metrics.json
    outs:
    - path: evaluation/metrics.json
      hash: md5
      md5: ec6f43fb073857d190f3645f1b605cd2
      size: 86
